
Microsoft Visual Studio Solution File, Format Version 12.00
# Visual Studio Version 16
VisualStudioVersion = 16.0.30503.244
MinimumVisualStudioVersion = 10.0.40219.1
Project("{FAE04EC0-301F-11D3-BF4B-00C04F79EFBC}") = "Proiect_Atestat", "Proiect_Atestat.csproj", "{62CA0A09-1E88-472C-991B-1D693F51C5FE}"
EndProject
Global
	GlobalSection(SolutionConfigurationPlatforms) = preSolution
		Debug|Any CPU = Debug|Any CPU
		Release|Any CPU = Release|Any CPU
	EndGlobalSection
	GlobalSection(ProjectConfigurationPlatforms) = postSolution
		{62CA0A09-1E88-472C-991B-1D693F51C5FE}.Debug|Any CPU.ActiveCfg = Debug|Any CPU
		{62CA0A09-1E88-472C-991B-1D693F51C5FE}.Debug|Any CPU.Build.0 = Debug|Any CPU
		{62CA0A09-1E88-472C-991B-1D693F51C5FE}.Release|Any CPU.ActiveCfg = Release|Any CPU
		{62CA0A09-1E88-472C-991B-1D693F51C5FE}.Release|Any CPU.Build.0 = Release|Any CPU
	EndGlobalSection
	GlobalSection(SolutionProperties) = preSolution
		HideSolutionNode = FALSE
	EndGlobalSection
	GlobalSection(ExtensibilityGlobals) = postSolution
		SolutionGuid = {7682D03D-0219-4E4E-84C7-995773C45E7C}
	EndGlobalSection
EndGlobal
